<?xml version="1.0" encoding="UTF-8"?>
<Project ToolsVersion="15.0" xmlns="http://schemas.microsoft.com/developer/msbuild/2003">
  <ItemGroup>
    <ClCompile Include="E:\rendu\gomoku\src\main.cpp">
      <Filter>Source Files</Filter>
    </ClCompile>
    <ClCompile Include="E:\rendu\gomoku\src\Core\Core.cpp">
      <Filter>Source Files</Filter>
    </ClCompile>
    <ClCompile Include="E:\rendu\gomoku\src\Core\TaskManager.cpp">
      <Filter>Source Files</Filter>
    </ClCompile>
    <ClCompile Include="E:\rendu\gomoku\src\Tools\Splitter.cpp">
      <Filter>Source Files</Filter>
    </ClCompile>
    <ClCompile Include="E:\rendu\gomoku\src\Logic\Board.cpp">
      <Filter>Source Files</Filter>
    </ClCompile>
    <ClCompile Include="E:\rendu\gomoku\src\MonteCarlo\Checker.cpp">
      <Filter>Source Files</Filter>
    </ClCompile>
    <ClCompile Include="E:\rendu\gomoku\src\Core\ThreadPool.cpp">
      <Filter>Source Files</Filter>
    </ClCompile>
    <ClCompile Include="E:\rendu\gomoku\src\Logic\AICase.cpp">
      <Filter>Source Files</Filter>
    </ClCompile>
    <ClCompile Include="E:\rendu\gomoku\src\Logic\AAI.cpp">
      <Filter>Source Files</Filter>
    </ClCompile>
    <ClCompile Include="E:\rendu\gomoku\src\MonteCarlo\MonteCarloIA.cpp">
      <Filter>Source Files</Filter>
    </ClCompile>
    <ClCompile Include="E:\rendu\gomoku\src\MonteCarlo\MonteCarloCase.cpp">
      <Filter>Source Files</Filter>
    </ClCompile>
    <ClCompile Include="E:\rendu\gomoku\src\Shin\Evaluator\Evaluator.cpp">
      <Filter>Source Files</Filter>
    </ClCompile>
    <ClCompile Include="E:\rendu\gomoku\src\Logic\Position.cpp">
      <Filter>Source Files</Filter>
    </ClCompile>
    <ClCompile Include="E:\rendu\gomoku\src\Shin\Evaluator\Line.cpp">
      <Filter>Source Files</Filter>
    </ClCompile>
    <ClCompile Include="E:\rendu\gomoku\src\MonteCarlo\CanIProcess.cpp">
      <Filter>Source Files</Filter>
    </ClCompile>
    <ClCompile Include="E:\rendu\gomoku\src\Shin\ShinAI.cpp">
      <Filter>Source Files</Filter>
    </ClCompile>
    <ClCompile Include="E:\rendu\gomoku\src\Shin\ShinCase.cpp">
      <Filter>Source Files</Filter>
    </ClCompile>
    <ClCompile Include="E:\rendu\gomoku\src\Shin\ShinHalbard.cpp">
      <Filter>Source Files</Filter>
    </ClCompile>
  </ItemGroup>
  <ItemGroup>
    <ClInclude Include="E:\rendu\gomoku\include\Core\Core.hpp">
      <Filter>Header Files</Filter>
    </ClInclude>
    <ClInclude Include="E:\rendu\gomoku\include\Core\TaskManager.hpp">
      <Filter>Header Files</Filter>
    </ClInclude>
    <ClInclude Include="E:\rendu\gomoku\include\Tools\Splitter.hpp">
      <Filter>Header Files</Filter>
    </ClInclude>
    <ClInclude Include="E:\rendu\gomoku\include\Logic\Cell.hpp">
      <Filter>Header Files</Filter>
    </ClInclude>
    <ClInclude Include="E:\rendu\gomoku\include\Logic\Board.hpp">
      <Filter>Header Files</Filter>
    </ClInclude>
    <ClInclude Include="E:\rendu\gomoku\include\MonteCarlo\Checker.hpp">
      <Filter>Header Files</Filter>
    </ClInclude>
    <ClInclude Include="E:\rendu\gomoku\include\Tools\Singleton.hpp">
      <Filter>Header Files</Filter>
    </ClInclude>
    <ClInclude Include="E:\rendu\gomoku\include\Core\ThreadPool.hpp">
      <Filter>Header Files</Filter>
    </ClInclude>
    <ClInclude Include="E:\rendu\gomoku\include\Logic\AICase.hpp">
      <Filter>Header Files</Filter>
    </ClInclude>
    <ClInclude Include="E:\rendu\gomoku\include\Core\ThreadState.hpp">
      <Filter>Header Files</Filter>
    </ClInclude>
    <ClInclude Include="E:\rendu\gomoku\include\Logic\Position.hpp">
      <Filter>Header Files</Filter>
    </ClInclude>
    <ClInclude Include="E:\rendu\gomoku\include\Logic\AAI.hpp">
      <Filter>Header Files</Filter>
    </ClInclude>
    <ClInclude Include="E:\rendu\gomoku\include\MonteCarlo\MonteCarloIA.hpp">
      <Filter>Header Files</Filter>
    </ClInclude>
    <ClInclude Include="E:\rendu\gomoku\include\MonteCarlo\MonteCarloCase.hpp">
      <Filter>Header Files</Filter>
    </ClInclude>
    <ClInclude Include="E:\rendu\gomoku\include\Shin\Evaluator\Evaluator.hpp">
      <Filter>Header Files</Filter>
    </ClInclude>
    <ClInclude Include="E:\rendu\gomoku\include\Shin\Evaluator\Move.h">
      <Filter>Header Files</Filter>
    </ClInclude>
    <ClInclude Include="E:\rendu\gomoku\include\Shin\Evaluator\Line.hpp">
      <Filter>Header Files</Filter>
    </ClInclude>
    <ClInclude Include="E:\rendu\gomoku\include\MonteCarlo\CanIProcess.hpp">
      <Filter>Header Files</Filter>
    </ClInclude>
    <ClInclude Include="E:\rendu\gomoku\include\Shin\ShinAI.hpp">
      <Filter>Header Files</Filter>
    </ClInclude>
    <ClInclude Include="E:\rendu\gomoku\include\Shin\ShinCase.hpp">
      <Filter>Header Files</Filter>
    </ClInclude>
    <ClInclude Include="E:\rendu\gomoku\include\Shin\ShinHalbard.hpp">
      <Filter>Header Files</Filter>
    </ClInclude>
  </ItemGroup>
  <ItemGroup>
    <CustomBuild Include="E:\rendu\gomoku\CMakeLists.txt" />
  </ItemGroup>
  <ItemGroup>
    <Filter Include="Source Files">
      <UniqueIdentifier>{10E23B68-D75A-38AC-A21A-FBEC152D6B28}</UniqueIdentifier>
    </Filter>
    <Filter Include="Header Files">
      <UniqueIdentifier>{A3F83753-D453-3170-92B1-0C3C4B730871}</UniqueIdentifier>
    </Filter>
  </ItemGroup>
</Project>
